
Microsoft Visual Studio Solution File, Format Version 12.00
# Visual Studio 14
VisualStudioVersion = 14.0.25420.1
MinimumVisualStudioVersion = 10.0.40219.1
Project("{FAE04EC0-301F-11D3-BF4B-00C04F79EFBC}") = "BangunDatar", "BangunDatar\BangunDatar.csproj", "{7A9DD8B4-FD4C-4AD4-B833-A3C592F6464B}"
EndProject
Project("{FAE04EC0-301F-11D3-BF4B-00C04F79EFBC}") = "siswa", "..\siswa\siswa\siswa.csproj", "{A837355C-B62C-43A3-A998-CAA5071C33F0}"
EndProject
Global
	GlobalSection(SolutionConfigurationPlatforms) = preSolution
		Debug|Any CPU = Debug|Any CPU
		Release|Any CPU = Release|Any CPU
	EndGlobalSection
	GlobalSection(ProjectConfigurationPlatforms) = postSolution
		{7A9DD8B4-FD4C-4AD4-B833-A3C592F6464B}.Debug|Any CPU.ActiveCfg = Debug|Any CPU
		{7A9DD8B4-FD4C-4AD4-B833-A3C592F6464B}.Debug|Any CPU.Build.0 = Debug|Any CPU
		{7A9DD8B4-FD4C-4AD4-B833-A3C592F6464B}.Release|Any CPU.ActiveCfg = Release|Any CPU
		{7A9DD8B4-FD4C-4AD4-B833-A3C592F6464B}.Release|Any CPU.Build.0 = Release|Any CPU
		{A837355C-B62C-43A3-A998-CAA5071C33F0}.Debug|Any CPU.ActiveCfg = Debug|Any CPU
		{A837355C-B62C-43A3-A998-CAA5071C33F0}.Debug|Any CPU.Build.0 = Debug|Any CPU
		{A837355C-B62C-43A3-A998-CAA5071C33F0}.Release|Any CPU.ActiveCfg = Release|Any CPU
		{A837355C-B62C-43A3-A998-CAA5071C33F0}.Release|Any CPU.Build.0 = Release|Any CPU
	EndGlobalSection
	GlobalSection(SolutionProperties) = preSolution
		HideSolutionNode = FALSE
	EndGlobalSection
EndGlobal
